
Microsoft Visual Studio Solution File, Format Version 12.00
# Visual Studio Version 17
VisualStudioVersion = 17.2.32630.192
MinimumVisualStudioVersion = 10.0.40219.1
Project("{8BC9CEB8-8B4A-11D0-8D11-00A0C91BC942}") = "13-1", "13-1\13-1.vcxproj", "{7DD88AF8-0B45-42F9-8C10-557F42606DBF}"
EndProject
Global
	GlobalSection(SolutionConfigurationPlatforms) = preSolution
		Debug|x64 = Debug|x64
		Debug|x86 = Debug|x86
		Release|x64 = Release|x64
		Release|x86 = Release|x86
	EndGlobalSection
	GlobalSection(ProjectConfigurationPlatforms) = postSolution
		{7DD88AF8-0B45-42F9-8C10-557F42606DBF}.Debug|x64.ActiveCfg = Debug|x64
		{7DD88AF8-0B45-42F9-8C10-557F42606DBF}.Debug|x64.Build.0 = Debug|x64
		{7DD88AF8-0B45-42F9-8C10-557F42606DBF}.Debug|x86.ActiveCfg = Debug|Win32
		{7DD88AF8-0B45-42F9-8C10-557F42606DBF}.Debug|x86.Build.0 = Debug|Win32
		{7DD88AF8-0B45-42F9-8C10-557F42606DBF}.Release|x64.ActiveCfg = Release|x64
		{7DD88AF8-0B45-42F9-8C10-557F42606DBF}.Release|x64.Build.0 = Release|x64
		{7DD88AF8-0B45-42F9-8C10-557F42606DBF}.Release|x86.ActiveCfg = Release|Win32
		{7DD88AF8-0B45-42F9-8C10-557F42606DBF}.Release|x86.Build.0 = Release|Win32
	EndGlobalSection
	GlobalSection(SolutionProperties) = preSolution
		HideSolutionNode = FALSE
	EndGlobalSection
	GlobalSection(ExtensibilityGlobals) = postSolution
		SolutionGuid = {6143E352-73B0-4D68-8759-75A939A7E440}
	EndGlobalSection
EndGlobal
